
Microsoft Visual Studio Solution File, Format Version 12.00
# Visual Studio Version 16
VisualStudioVersion = 16.0.31129.286
MinimumVisualStudioVersion = 10.0.40219.1
Project("{FAE04EC0-301F-11D3-BF4B-00C04F79EFBC}") = "WarehouseView", "WarehouseView\WarehouseView.csproj", "{345A626F-69F7-4FEC-9CAF-F2BC6532E8B1}"
EndProject
Project("{9A19103F-16F7-4668-BE54-9A1E7A4F7556}") = "WarehouseBusinessLogic", "WarehouseBusinessLogic\WarehouseBusinessLogic.csproj", "{8287B41C-5474-4AD8-9271-8E56F11E079B}"
EndProject
Project("{9A19103F-16F7-4668-BE54-9A1E7A4F7556}") = "WarehouseDatabaseImplement", "WarehouseDatabaseImplement\WarehouseDatabaseImplement.csproj", "{92C3A1DD-9224-497D-9B89-FE1E74A60831}"
EndProject
Global
	GlobalSection(SolutionConfigurationPlatforms) = preSolution
		Debug|Any CPU = Debug|Any CPU
		Release|Any CPU = Release|Any CPU
	EndGlobalSection
	GlobalSection(ProjectConfigurationPlatforms) = postSolution
		{345A626F-69F7-4FEC-9CAF-F2BC6532E8B1}.Debug|Any CPU.ActiveCfg = Debug|Any CPU
		{345A626F-69F7-4FEC-9CAF-F2BC6532E8B1}.Debug|Any CPU.Build.0 = Debug|Any CPU
		{345A626F-69F7-4FEC-9CAF-F2BC6532E8B1}.Release|Any CPU.ActiveCfg = Release|Any CPU
		{345A626F-69F7-4FEC-9CAF-F2BC6532E8B1}.Release|Any CPU.Build.0 = Release|Any CPU
		{8287B41C-5474-4AD8-9271-8E56F11E079B}.Debug|Any CPU.ActiveCfg = Debug|Any CPU
		{8287B41C-5474-4AD8-9271-8E56F11E079B}.Debug|Any CPU.Build.0 = Debug|Any CPU
		{8287B41C-5474-4AD8-9271-8E56F11E079B}.Release|Any CPU.ActiveCfg = Release|Any CPU
		{8287B41C-5474-4AD8-9271-8E56F11E079B}.Release|Any CPU.Build.0 = Release|Any CPU
		{92C3A1DD-9224-497D-9B89-FE1E74A60831}.Debug|Any CPU.ActiveCfg = Debug|Any CPU
		{92C3A1DD-9224-497D-9B89-FE1E74A60831}.Debug|Any CPU.Build.0 = Debug|Any CPU
		{92C3A1DD-9224-497D-9B89-FE1E74A60831}.Release|Any CPU.ActiveCfg = Release|Any CPU
		{92C3A1DD-9224-497D-9B89-FE1E74A60831}.Release|Any CPU.Build.0 = Release|Any CPU
	EndGlobalSection
	GlobalSection(SolutionProperties) = preSolution
		HideSolutionNode = FALSE
	EndGlobalSection
	GlobalSection(ExtensibilityGlobals) = postSolution
		SolutionGuid = {634E912E-3688-4175-B1A5-D92263AE7182}
	EndGlobalSection
EndGlobal
